
Microsoft Visual Studio Solution File, Format Version 12.00
# Visual Studio Version 17
VisualStudioVersion = 17.7.34009.444
MinimumVisualStudioVersion = 10.0.40219.1
Project("{9A19103F-16F7-4668-BE54-9A1E7A4F7556}") = "TempConsoleNet06", "TempConsoleNet06\TempConsoleNet06.csproj", "{D9CE333F-94BC-48B4-8A0D-82285B905AC0}"
EndProject
Project("{9A19103F-16F7-4668-BE54-9A1E7A4F7556}") = "TempConsoleNet07", "TempConsoleNet07\TempConsoleNet07.csproj", "{B89E97EF-9E0C-43FB-B216-190CFE8151CC}"
EndProject
Project("{FAE04EC0-301F-11D3-BF4B-00C04F79EFBC}") = "TempConsole471", "TempConsole471\TempConsole471.csproj", "{7947AA2E-F98B-449D-AD6A-0E37F27039EB}"
EndProject
Global
	GlobalSection(SolutionConfigurationPlatforms) = preSolution
		Debug|Any CPU = Debug|Any CPU
		Release|Any CPU = Release|Any CPU
	EndGlobalSection
	GlobalSection(ProjectConfigurationPlatforms) = postSolution
		{D9CE333F-94BC-48B4-8A0D-82285B905AC0}.Debug|Any CPU.ActiveCfg = Debug|Any CPU
		{D9CE333F-94BC-48B4-8A0D-82285B905AC0}.Debug|Any CPU.Build.0 = Debug|Any CPU
		{D9CE333F-94BC-48B4-8A0D-82285B905AC0}.Release|Any CPU.ActiveCfg = Release|Any CPU
		{D9CE333F-94BC-48B4-8A0D-82285B905AC0}.Release|Any CPU.Build.0 = Release|Any CPU
		{B89E97EF-9E0C-43FB-B216-190CFE8151CC}.Debug|Any CPU.ActiveCfg = Debug|Any CPU
		{B89E97EF-9E0C-43FB-B216-190CFE8151CC}.Debug|Any CPU.Build.0 = Debug|Any CPU
		{B89E97EF-9E0C-43FB-B216-190CFE8151CC}.Release|Any CPU.ActiveCfg = Release|Any CPU
		{B89E97EF-9E0C-43FB-B216-190CFE8151CC}.Release|Any CPU.Build.0 = Release|Any CPU
		{7947AA2E-F98B-449D-AD6A-0E37F27039EB}.Debug|Any CPU.ActiveCfg = Debug|Any CPU
		{7947AA2E-F98B-449D-AD6A-0E37F27039EB}.Debug|Any CPU.Build.0 = Debug|Any CPU
		{7947AA2E-F98B-449D-AD6A-0E37F27039EB}.Release|Any CPU.ActiveCfg = Release|Any CPU
		{7947AA2E-F98B-449D-AD6A-0E37F27039EB}.Release|Any CPU.Build.0 = Release|Any CPU
	EndGlobalSection
	GlobalSection(SolutionProperties) = preSolution
		HideSolutionNode = FALSE
	EndGlobalSection
	GlobalSection(ExtensibilityGlobals) = postSolution
		SolutionGuid = {1D49E9AF-70D4-493B-AC16-C7F705E0E83C}
	EndGlobalSection
EndGlobal
